
Microsoft Visual Studio Solution File, Format Version 12.00
# Visual Studio 14
VisualStudioVersion = 14.0.25420.1
MinimumVisualStudioVersion = 10.0.40219.1
Project("{FAE04EC0-301F-11D3-BF4B-00C04F79EFBC}") = "MvcSignalR", "MvcSignalR\MvcSignalR.csproj", "{F0A6DE98-8B71-400A-9813-A3A6CDC87ED9}"
EndProject
Project("{FAE04EC0-301F-11D3-BF4B-00C04F79EFBC}") = "WebApiSignalR", "WebApiSignalR\WebApiSignalR.csproj", "{0257894C-05CA-44FB-A5AA-BDE7F75B2E9E}"
EndProject
Global
	GlobalSection(SolutionConfigurationPlatforms) = preSolution
		Debug|Any CPU = Debug|Any CPU
		Release|Any CPU = Release|Any CPU
	EndGlobalSection
	GlobalSection(ProjectConfigurationPlatforms) = postSolution
		{F0A6DE98-8B71-400A-9813-A3A6CDC87ED9}.Debug|Any CPU.ActiveCfg = Debug|Any CPU
		{F0A6DE98-8B71-400A-9813-A3A6CDC87ED9}.Debug|Any CPU.Build.0 = Debug|Any CPU
		{F0A6DE98-8B71-400A-9813-A3A6CDC87ED9}.Release|Any CPU.ActiveCfg = Release|Any CPU
		{F0A6DE98-8B71-400A-9813-A3A6CDC87ED9}.Release|Any CPU.Build.0 = Release|Any CPU
		{0257894C-05CA-44FB-A5AA-BDE7F75B2E9E}.Debug|Any CPU.ActiveCfg = Debug|Any CPU
		{0257894C-05CA-44FB-A5AA-BDE7F75B2E9E}.Debug|Any CPU.Build.0 = Debug|Any CPU
		{0257894C-05CA-44FB-A5AA-BDE7F75B2E9E}.Release|Any CPU.ActiveCfg = Release|Any CPU
		{0257894C-05CA-44FB-A5AA-BDE7F75B2E9E}.Release|Any CPU.Build.0 = Release|Any CPU
	EndGlobalSection
	GlobalSection(SolutionProperties) = preSolution
		HideSolutionNode = FALSE
	EndGlobalSection
EndGlobal
